hash: 6234c170ba31faca7c8563c3d98b4b16ce2e43eef023ca7bbf604642c9c9b7dc
updated: 2017-01-04T17:25:10.904501333Z
imports:
- name: github.com/smallfish/simpleyaml
  version: f8280fef35a3fd1d4cf13c5a9fa638398eebb6ad
- name: github.com/urfave/cli
  version: 0bdeddeeb0f650497d603c4ad7b20cfe685682f6
- name: gopkg.in/yaml.v2
  version: a5b47d31c556af34a302ce5d659e6fea44d90de0
testImports: []
